// !$*UTF8*$!
{
	archiveVersion = 1;
	classes = {
	};
	objectVersion = 46;
	objects = {

/* Begin PBXBuildFile section */
		A2D2686A19FF5FFD007A2254 /* AppDelegate.swift in Sources */ = {isa = PBXBuildFile; fileRef = A2D2686919FF5FFD007A2254 /* AppDelegate.swift */; };
		A2D2686C19FF5FFD007A2254 /* ViewController.swift in Sources */ = {isa = PBXBuildFile; fileRef = A2D2686B19FF5FFD007A2254 /* ViewController.swift */; };
		A2D2686F19FF5FFD007A2254 /* Main.storyboard in Resources */ = {isa = PBXBuildFile; fileRef = A2D2686D19FF5FFD007A2254 /* Main.storyboard */; };
		A2D2687119FF5FFD007A2254 /* Images.xcassets in Resources */ = {isa = PBXBuildFile; fileRef = A2D2687019FF5FFD007A2254 /* Images.xcassets */; };
		A2D2687419FF5FFD007A2254 /* LaunchScreen.xib in Resources */ = {isa = PBXBuildFile; fileRef = A2D2687219FF5FFD007A2254 /* LaunchScreen.xib */; };
		A2D2688019FF5FFD007A2254 /* ShoeSizeConverterTests.swift in Sources */ = {isa = PBXBuildFile; fileRef = A2D2687F19FF5FFD007A2254 /* ShoeSizeConverterTests.swift */; };
/* End PBXBuildFile section */

/* Begin PBXContainerItemProxy section */
		A2D2687A19FF5FFD007A2254 /* PBXContainerItemProxy */ = {
			isa = PBXContainerItemProxy;
			containerPortal = A2D2685C19FF5FFD007A2254 /* Project object */;
			proxyType = 1;
			remoteGlobalIDString = A2D2686319FF5FFD007A2254;
			remoteInfo = ShoeSizeConverter;
		};
/* End PBXContainerItemProxy section */

/* Begin PBXFileReference section */
		A2D2686419FF5FFD007A2254 /* ShoeSizeConverter.app */ = {isa = PBXFileReference; explicitFileType = wrapper.application; includeInIndex = 0; path = ShoeSizeConverter.app; sourceTree = BUILT_PRODUCTS_DIR; };
		A2D2686819FF5FFD007A2254 /* Info.plist */ = {isa = PBXFileReference; lastKnownFileType = text.plist.xml; path = Info.plist; sourceTree = "<group>"; };
		A2D2686919FF5FFD007A2254 /* AppDelegate.swift */ = {isa = PBXFileReference; lastKnownFileType = sourcecode.swift; path = AppDelegate.swift; sourceTree = "<group>"; };
		A2D2686B19FF5FFD007A2254 /* ViewController.swift */ = {isa = PBXFileReference; lastKnownFileType = sourcecode.swift; path = ViewController.swift; sourceTree = "<group>"; };
		A2D2686E19FF5FFD007A2254 /* Base */ = {isa = PBXFileReference; lastKnownFileType = file.storyboard; name = Base; path = Base.lproj/Main.storyboard; sourceTree = "<group>"; };
		A2D2687019FF5FFD007A2254 /* Images.xcassets */ = {isa = PBXFileReference; lastKnownFileType = folder.assetcatalog; path = Images.xcassets; sourceTree = "<group>"; };
		A2D2687319FF5FFD007A2254 /* Base */ = {isa = PBXFileReference; lastKnownFileType = file.xib; name = Base; path = Base.lproj/LaunchScreen.xib; sourceTree = "<group>"; };
		A2D2687919FF5FFD007A2254 /* ShoeSizeConverterTests.xctest */ = {isa = PBXFileReference; explicitFileType = wrapper.cfbundle; includeInIndex = 0; path = ShoeSizeConverterTests.xctest; sourceTree = BUILT_PRODUCTS_DIR; };
		A2D2687E19FF5FFD007A2254 /* Info.plist */ = {isa = PBXFileReference; lastKnownFileType = text.plist.xml; path = Info.plist; sourceTree = "<group>"; };
		A2D2687F19FF5FFD007A2254 /* ShoeSizeConverterTests.swift */ = {isa = PBXFileReference; lastKnownFileType = sourcecode.swift; path = ShoeSizeConverterTests.swift; sourceTree = "<group>"; };
/* End PBXFileReference section */

/* Begin PBXFrameworksBuildPhase section */
		A2D2686119FF5FFD007A2254 /* Frameworks */ = {
			isa = PBXFrameworksBuildPhase;
			buildActionMask = 2147483647;
			files = (
			);
			runOnlyForDeploymentPostprocessing = 0;
		};
		A2D2687619FF5FFD007A2254 /* Frameworks */ = {
			isa = PBXFrameworksBuildPhase;
			buildActionMask = 2147483647;
			files = (
			);
			runOnlyForDeploymentPostprocessing = 0;
		};
/* End PBXFrameworksBuildPhase section */

/* Begin PBXGroup section */
		A2D2685B19FF5FFD007A2254 = {
			isa = PBXGroup;
			children = (
				A2D2686619FF5FFD007A2254 /* ShoeSizeConverter */,
				A2D2687C19FF5FFD007A2254 /* ShoeSizeConverterTests */,
				A2D2686519FF5FFD007A2254 /* Products */,
			);
			sourceTree = "<group>";
		};
		A2D2686519FF5FFD007A2254 /* Products */ = {
			isa = PBXGroup;
			children = (
				A2D2686419FF5FFD007A2254 /* ShoeSizeConverter.app */,
				A2D2687919FF5FFD007A2254 /* ShoeSizeConverterTests.xctest */,
			);
			name = Products;
			sourceTree = "<group>";
		};
		A2D2686619FF5FFD007A2254 /* ShoeSizeConverter */ = {
			isa = PBXGroup;
			children = (
				A2D2686919FF5FFD007A2254 /* AppDelegate.swift */,
				A2D2686B19FF5FFD007A2254 /* ViewController.swift */,
				A2D2686D19FF5FFD007A2254 /* Main.storyboard */,
				A2D2687019FF5FFD007A2254 /* Images.xcassets */,
				A2D2687219FF5FFD007A2254 /* LaunchScreen.xib */,
				A2D2686719FF5FFD007A2254 /* Supporting Files */,
			);
			path = ShoeSizeConverter;
			sourceTree = "<group>";
		};
		A2D2686719FF5FFD007A2254 /* Supporting Files */ = {
			isa = PBXGroup;
			children = (
				A2D2686819FF5FFD007A2254 /* Info.plist */,
			);
			name = "Supporting Files";
			sourceTree = "<group>";
		};
		A2D2687C19FF5FFD007A2254 /* ShoeSizeConverterTests */ = {
			isa = PBXGroup;
			children = (
				A2D2687F19FF5FFD007A2254 /* ShoeSizeConverterTests.swift */,
				A2D2687D19FF5FFD007A2254 /* Supporting Files */,
			);
			path = ShoeSizeConverterTests;
			sourceTree = "<group>";
		};
		A2D2687D19FF5FFD007A2254 /* Supporting Files */ = {
			isa = PBXGroup;
			children = (
				A2D2687E19FF5FFD007A2254 /* Info.plist */,
			);
			name = "Supporting Files";
			sourceTree = "<group>";
		};
/* End PBXGroup section */

/* Begin PBXNativeTarget section */
		A2D2686319FF5FFD007A2254 /* ShoeSizeConverter */ = {
			isa = PBXNativeTarget;
			buildConfigurationList = A2D2688319FF5FFD007A2254 /* Build configuration list for PBXNativeTarget "ShoeSizeConverter" */;
			buildPhases = (
				A2D2686019FF5FFD007A2254 /* Sources */,
				A2D2686119FF5FFD007A2254 /* Frameworks */,
				A2D2686219FF5FFD007A2254 /* Resources */,
			);
			buildRules = (
			);
			dependencies = (
			);
			name = ShoeSizeConverter;
			productName = ShoeSizeConverter;
			productReference = A2D2686419FF5FFD007A2254 /* ShoeSizeConverter.app */;
			productType = "com.apple.product-type.application";
		};
		A2D2687819FF5FFD007A2254 /* ShoeSizeConverterTests */ = {
			isa = PBXNativeTarget;
			buildConfigurationList = A2D2688619FF5FFD007A2254 /* Build configuration list for PBXNativeTarget "ShoeSizeConverterTests" */;
			buildPhases = (
				A2D2687519FF5FFD007A2254 /* Sources */,
				A2D2687619FF5FFD007A2254 /* Frameworks */,
				A2D2687719FF5FFD007A2254 /* Resources */,
			);
			buildRules = (
			);
			dependencies = (
				A2D2687B19FF5FFD007A2254 /* PBXTargetDependency */,
			);
			name = ShoeSizeConverterTests;
			productName = ShoeSizeConverterTests;
			productReference = A2D2687919FF5FFD007A2254 /* ShoeSizeConverterTests.xctest */;
			productType = "com.apple.product-type.bundle.unit-test";
		};
/* End PBXNativeTarget section */

/* Begin PBXProject section */
		A2D2685C19FF5FFD007A2254 /* Project object */ = {
			isa = PBXProject;
			attributes = {
				LastUpgradeCheck = 0610;
				ORGANIZATIONNAME = kelly;
				TargetAttributes = {
					A2D2686319FF5FFD007A2254 = {
						CreatedOnToolsVersion = 6.1;
					};
					A2D2687819FF5FFD007A2254 = {
						CreatedOnToolsVersion = 6.1;
						TestTargetID = A2D2686319FF5FFD007A2254;
					};
				};
			};
			buildConfigurationList = A2D2685F19FF5FFD007A2254 /* Build configuration list for PBXProject "ShoeSizeConverter" */;
			compatibilityVersion = "Xcode 3.2";
			developmentRegion = English;
			hasScannedForEncodings = 0;
			knownRegions = (
				en,
				Base,
			);
			mainGroup = A2D2685B19FF5FFD007A2254;
			productRefGroup = A2D2686519FF5FFD007A2254 /* Products */;
			projectDirPath = "";
			projectRoot = "";
			targets = (
				A2D2686319FF5FFD007A2254 /* ShoeSizeConverter */,
				A2D2687819FF5FFD007A2254 /* ShoeSizeConverterTests */,
			);
		};
/* End PBXProject section */

/* Begin PBXResourcesBuildPhase section */
		A2D2686219FF5FFD007A2254 /* Resources */ = {
			isa = PBXResourcesBuildPhase;
			buildActionMask = 2147483647;
			files = (
				A2D2686F19FF5FFD007A2254 /* Main.storyboard in Resources */,
				A2D2687419FF5FFD007A2254 /* LaunchScreen.xib in Resources */,
				A2D2687119FF5FFD007A2254 /* Images.xcassets in Resources */,
			);
			runOnlyForDeploymentPostprocessing = 0;
		};
		A2D2687719FF5FFD007A2254 /* Resources */ = {
			isa = PBXResourcesBuildPhase;
			buildActionMask = 2147483647;
			files = (
			);
			runOnlyForDeploymentPostprocessing = 0;
		};
/* End PBXResourcesBuildPhase section */

/* Begin PBXSourcesBuildPhase section */
		A2D2686019FF5FFD007A2254 /* Sources */ = {
			isa = PBXSourcesBuildPhase;
			buildActionMask = 2147483647;
			files = (
				A2D2686C19FF5FFD007A2254 /* ViewController.swift in Sources */,
				A2D2686A19FF5FFD007A2254 /* AppDelegate.swift in Sources */,
			);
			runOnlyForDeploymentPostprocessing = 0;
		};
		A2D2687519FF5FFD007A2254 /* Sources */ = {
			isa = PBXSourcesBuildPhase;
			buildActionMask = 2147483647;
			files = (
				A2D2688019FF5FFD007A2254 /* ShoeSizeConverterTests.swift in Sources */,
			);
			runOnlyForDeploymentPostprocessing = 0;
		};
/* End PBXSourcesBuildPhase section */

/* Begin PBXTargetDependency section */
		A2D2687B19FF5FFD007A2254 /* PBXTargetDependency */ = {
			isa = PBXTargetDependency;
			target = A2D2686319FF5FFD007A2254 /* ShoeSizeConverter */;
			targetProxy = A2D2687A19FF5FFD007A2254 /* PBXContainerItemProxy */;
		};
/* End PBXTargetDependency section */

/* Begin PBXVariantGroup section */
		A2D2686D19FF5FFD007A2254 /* Main.storyboard */ = {
			isa = PBXVariantGroup;
			children = (
				A2D2686E19FF5FFD007A2254 /* Base */,
			);
			name = Main.storyboard;
			sourceTree = "<group>";
		};
		A2D2687219FF5FFD007A2254 /* LaunchScreen.xib */ = {
			isa = PBXVariantGroup;
			children = (
				A2D2687319FF5FFD007A2254 /* Base */,
			);
			name = LaunchScreen.xib;
			sourceTree = "<group>";
		};
/* End PBXVariantGroup section */

/* Begin XCBuildConfiguration section */
		A2D2688119FF5FFD007A2254 /* Debug */ = {
			isa = XCBuildConfiguration;
			buildSettings = {
				ALWAYS_SEARCH_USER_PATHS = NO;
				CLANG_CXX_LANGUAGE_STANDARD = "gnu++0x";
				CLANG_CXX_LIBRARY = "libc++";
				CLANG_ENABLE_MODULES = YES;
				CLANG_ENABLE_OBJC_ARC = YES;
				CLANG_WARN_BOOL_CONVERSION = YES;
				CLANG_WARN_CONSTANT_CONVERSION = YES;
				CLANG_WARN_DIRECT_OBJC_ISA_USAGE = YES_ERROR;
				CLANG_WARN_EMPTY_BODY = YES;
				CLANG_WARN_ENUM_CONVERSION = YES;
				CLANG_WARN_INT_CONVERSION = YES;
				CLANG_WARN_OBJC_ROOT_CLASS = YES_ERROR;
				CLANG_WARN_UNREACHABLE_CODE = YES;
				CLANG_WARN__DUPLICATE_METHOD_MATCH = YES;
				"CODE_SIGN_IDENTITY[sdk=iphoneos*]" = "iPhone Developer";
				COPY_PHASE_STRIP = NO;
				ENABLE_STRICT_OBJC_MSGSEND = YES;
				GCC_C_LANGUAGE_STANDARD = gnu99;
				GCC_DYNAMIC_NO_PIC = NO;
				GCC_OPTIMIZATION_LEVEL = 0;
				GCC_PREPROCESSOR_DEFINITIONS = (
					"DEBUG=1",
					"$(inherited)",
				);
				GCC_SYMBOLS_PRIVATE_EXTERN = NO;
				GCC_WARN_64_TO_32_BIT_CONVERSION = YES;
				GCC_WARN_ABOUT_RETURN_TYPE = YES_ERROR;
				GCC_WARN_UNDECLARED_SELECTOR = YES;
				GCC_WARN_UNINITIALIZED_AUTOS = YES_AGGRESSIVE;
				GCC_WARN_UNUSED_FUNCTION = YES;
				GCC_WARN_UNUSED_VARIABLE = YES;
				IPHONEOS_DEPLOYMENT_TARGET = 8.1;
				MTL_ENABLE_DEBUG_INFO = YES;
				ONLY_ACTIVE_ARCH = YES;
				SDKROOT = iphoneos;
				SWIFT_OPTIMIZATION_LEVEL = "-Onone";
				TARGETED_DEVICE_FAMILY = "1,2";
			};
			name = Debug;
		};
		A2D2688219FF5FFD007A2254 /* Release */ = {
			isa = XCBuildConfiguration;
			buildSettings = {
				ALWAYS_SEARCH_USER_PATHS = NO;
				CLANG_CXX_LANGUAGE_STANDARD = "gnu++0x";
				CLANG_CXX_LIBRARY = "libc++";
				CLANG_ENABLE_MODULES = YES;
				CLANG_ENABLE_OBJC_ARC = YES;
				CLANG_WARN_BOOL_CONVERSION = YES;
				CLANG_WARN_CONSTANT_CONVERSION = YES;
				CLANG_WARN_DIRECT_OBJC_ISA_USAGE = YES_ERROR;
				CLANG_WARN_EMPTY_BODY = YES;
				CLANG_WARN_ENUM_CONVERSION = YES;
				CLANG_WARN_INT_CONVERSION = YES;
				CLANG_WARN_OBJC_ROOT_CLASS = YES_ERROR;
				CLANG_WARN_UNREACHABLE_CODE = YES;
				CLANG_WARN__DUPLICATE_METHOD_MATCH = YES;
				"CODE_SIGN_IDENTITY[sdk=iphoneos*]" = "iPhone Developer";
				COPY_PHASE_STRIP = YES;
				ENABLE_NS_ASSERTIONS = NO;
				ENABLE_STRICT_OBJC_MSGSEND = YES;
				GCC_C_LANGUAGE_STANDARD = gnu99;
				GCC_WARN_64_TO_32_BIT_CONVERSION = YES;
				GCC_WARN_ABOUT_RETURN_TYPE = YES_ERROR;
				GCC_WARN_UNDECLARED_SELECTOR = YES;
				GCC_WARN_UNINITIALIZED_AUTOS = YES_AGGRESSIVE;
				GCC_WARN_UNUSED_FUNCTION = YES;
				GCC_WARN_UNUSED_VARIABLE = YES;
				IPHONEOS_DEPLOYMENT_TARGET = 8.1;
				MTL_ENABLE_DEBUG_INFO = NO;
				SDKROOT = iphoneos;
				TARGETED_DEVICE_FAMILY = "1,2";
				VALIDATE_PRODUCT = YES;
			};
			name = Release;
		};
		A2D2688419FF5FFD007A2254 /* Debug */ = {
			isa = XCBuildConfiguration;
			buildSettings = {
				ASSETCATALOG_COMPILER_APPICON_NAME = AppIcon;
				INFOPLIST_FILE = ShoeSizeConverter/Info.plist;
				LD_RUNPATH_SEARCH_PATHS = "$(inherited) @executable_path/Frameworks";
				PRODUCT_NAME = "$(TARGET_NAME)";
			};
			name = Debug;
		};
		A2D2688519FF5FFD007A2254 /* Release */ = {
			isa = XCBuildConfiguration;
			buildSettings = {
				ASSETCATALOG_COMPILER_APPICON_NAME = AppIcon;
				INFOPLIST_FILE = ShoeSizeConverter/Info.plist;
				LD_RUNPATH_SEARCH_PATHS = "$(inherited) @executable_path/Frameworks";
				PRODUCT_NAME = "$(TARGET_NAME)";
			};
			name = Release;
		};
		A2D2688719FF5FFD007A2254 /* Debug */ = {
			isa = XCBuildConfiguration;
			buildSettings = {
				BUNDLE_LOADER = "$(TEST_HOST)";
				FRAMEWORK_SEARCH_PATHS = (
					"$(SDKROOT)/Developer/Library/Frameworks",
					"$(inherited)",
				);
				GCC_PREPROCESSOR_DEFINITIONS = (
					"DEBUG=1",
					"$(inherited)",
				);
				INFOPLIST_FILE = ShoeSizeConverterTests/Info.plist;
				LD_RUNPATH_SEARCH_PATHS = "$(inherited) @executable_path/Frameworks @loader_path/Frameworks";
				PRODUCT_NAME = "$(TARGET_NAME)";
				TEST_HOST = "$(BUILT_PRODUCTS_DIR)/ShoeSizeConverter.app/ShoeSizeConverter";
			};
			name = Debug;
		};
		A2D2688819FF5FFD007A2254 /* Release */ = {
			isa = XCBuildConfiguration;
			buildSettings = {
				BUNDLE_LOADER = "$(TEST_HOST)";
				FRAMEWORK_SEARCH_PATHS = (
					"$(SDKROOT)/Developer/Library/Frameworks",
					"$(inherited)",
				);
				INFOPLIST_FILE = ShoeSizeConverterTests/Info.plist;
				LD_RUNPATH_SEARCH_PATHS = "$(inherited) @executable_path/Frameworks @loader_path/Frameworks";
				PRODUCT_NAME = "$(TARGET_NAME)";
				TEST_HOST = "$(BUILT_PRODUCTS_DIR)/ShoeSizeConverter.app/ShoeSizeConverter";
			};
			name = Release;
		};
/* End XCBuildConfiguration section */

/* Begin XCConfigurationList section */
		A2D2685F19FF5FFD007A2254 /* Build configuration list for PBXProject "ShoeSizeConverter" */ = {
			isa = XCConfigurationList;
			buildConfigurations = (
				A2D2688119FF5FFD007A2254 /* Debug */,
				A2D2688219FF5FFD007A2254 /* Release */,
			);
			defaultConfigurationIsVisible = 0;
			defaultConfigurationName = Release;
		};
		A2D2688319FF5FFD007A2254 /* Build configuration list for PBXNativeTarget "ShoeSizeConverter" */ = {
			isa = XCConfigurationList;
			buildConfigurations = (
				A2D2688419FF5FFD007A2254 /* Debug */,
				A2D2688519FF5FFD007A2254 /* Release */,
			);
			defaultConfigurationIsVisible = 0;
		};
		A2D2688619FF5FFD007A2254 /* Build configuration list for PBXNativeTarget "ShoeSizeConverterTests" */ = {
			isa = XCConfigurationList;
			buildConfigurations = (
				A2D2688719FF5FFD007A2254 /* Debug */,
				A2D2688819FF5FFD007A2254 /* Release */,
			);
			defaultConfigurationIsVisible = 0;
		};
/* End XCConfigurationList section */
	};
	rootObject = A2D2685C19FF5FFD007A2254 /* Project object */;
}
